{
    "_readme": [
        "This file locks the dependencies of your project to a known state",
        "Read more about it at https://getcomposer.org/doc/01-basic-usage.md#installing-dependencies",
        "This file is @generated automatically"
    ],
    "content-hash": "f111cf2da6a2f824caec9ea12ae1b0c4",
    "packages": [
        {
            "name": "prewk/xml-string-streamer",
            "version": "0.11.0",
            "source": {
                "type": "git",
                "url": "https://github.com/prewk/xml-string-streamer.git",
                "reference": "5c167c835b07d44d4d9412febe031a09a69dafbd"
            },
            "dist": {
                "type": "zip",
                "url": "https://api.github.com/repos/prewk/xml-string-streamer/zipball/5c167c835b07d44d4d9412febe031a09a69dafbd",
                "reference": "5c167c835b07d44d4d9412febe031a09a69dafbd",
                "shasum": ""
            },
            "require": {
                "php": ">=5.3"
            },
            "require-dev": {
                "mockery/mockery": "^0.8.0",
                "phpunit/phpunit": "^4.8 || ^5.7.21",
                "prewk/xml-faker": "^0.0.2"
            },
            "type": "library",
            "autoload": {
                "psr-4": {
                    "Prewk\\": "src/"
                }
            },
            "notification-url": "https://packagist.org/downloads/",
            "license": [
                "MIT"
            ],
            "authors": [
                {
                    "name": "prewk",
                    "email": "oskar.thornblad@gmail.com"
                }
            ],
            "description": "Stream large XML files with low memory consumption",
            "homepage": "https://github.com/prewk/xml-string-streamer",
            "time": "2017-10-03T21:15:29+00:00"
        }
    ],
    "packages-dev": [],
    "aliases": [],
    "minimum-stability": "stable",
    "stability-flags": [],
    "prefer-stable": false,
    "prefer-lowest": false,
    "platform": [],
    "platform-dev": []
}
